
Microsoft Visual Studio Solution File, Format Version 12.00
# Visual Studio Version 17
VisualStudioVersion = 17.0.32014.148
MinimumVisualStudioVersion = 10.0.40219.1
Project("{FAE04EC0-301F-11D3-BF4B-00C04F79EFBC}") = "FF Installer", "FF-Installer\FF-Installer.csproj", "{5CDD5392-60DE-4914-8233-3293F71CD9B1}"
EndProject
Global
	GlobalSection(SolutionConfigurationPlatforms) = preSolution
		Debug|Any CPU = Debug|Any CPU
		Release|Any CPU = Release|Any CPU
	EndGlobalSection
	GlobalSection(ProjectConfigurationPlatforms) = postSolution
		{5CDD5392-60DE-4914-8233-3293F71CD9B1}.Debug|Any CPU.ActiveCfg = Debug|Any CPU
		{5CDD5392-60DE-4914-8233-3293F71CD9B1}.Debug|Any CPU.Build.0 = Debug|Any CPU
		{5CDD5392-60DE-4914-8233-3293F71CD9B1}.Release|Any CPU.ActiveCfg = Release|Any CPU
		{5CDD5392-60DE-4914-8233-3293F71CD9B1}.Release|Any CPU.Build.0 = Release|Any CPU
	EndGlobalSection
	GlobalSection(SolutionProperties) = preSolution
		HideSolutionNode = FALSE
	EndGlobalSection
	GlobalSection(ExtensibilityGlobals) = postSolution
		SolutionGuid = {C178B5A4-A25F-4B4A-9119-1A5491762C85}
	EndGlobalSection
EndGlobal
